
Microsoft Visual Studio Solution File, Format Version 12.00
# Visual Studio 16
Project("{FAE04EC0-301F-11D3-BF4B-00C04F79EFBC}") = "Assembly-CSharp", "Assembly-CSharp.csproj", "{98E0E2C2-8055-1F31-A935-5147C9FC5287}"
EndProject
Project("{FAE04EC0-301F-11D3-BF4B-00C04F79EFBC}") = "Assembly-CSharp-Editor", "Assembly-CSharp-Editor.csproj", "{A5EEA2C3-B633-6E51-336B-9914EFC50791}"
EndProject
Global
	GlobalSection(SolutionConfigurationPlatforms) = preSolution
		Debug|Any CPU = Debug|Any CPU
		Release|Any CPU = Release|Any CPU
	EndGlobalSection
	GlobalSection(ProjectConfigurationPlatforms) = postSolution
		{98E0E2C2-8055-1F31-A935-5147C9FC5287}.Debug|Any CPU.ActiveCfg = Debug|Any CPU
		{98E0E2C2-8055-1F31-A935-5147C9FC5287}.Debug|Any CPU.Build.0 = Debug|Any CPU
		{98E0E2C2-8055-1F31-A935-5147C9FC5287}.Release|Any CPU.ActiveCfg = Release|Any CPU
		{98E0E2C2-8055-1F31-A935-5147C9FC5287}.Release|Any CPU.Build.0 = Release|Any CPU
		{A5EEA2C3-B633-6E51-336B-9914EFC50791}.Debug|Any CPU.ActiveCfg = Debug|Any CPU
		{A5EEA2C3-B633-6E51-336B-9914EFC50791}.Debug|Any CPU.Build.0 = Debug|Any CPU
		{A5EEA2C3-B633-6E51-336B-9914EFC50791}.Release|Any CPU.ActiveCfg = Release|Any CPU
		{A5EEA2C3-B633-6E51-336B-9914EFC50791}.Release|Any CPU.Build.0 = Release|Any CPU
	EndGlobalSection
	GlobalSection(SolutionProperties) = preSolution
		HideSolutionNode = FALSE
	EndGlobalSection
	GlobalSection(MonoDevelopProperties) = preSolution
		StartupItem = Assembly-CSharp.csproj
	EndGlobalSection
EndGlobal
